
Microsoft Visual Studio Solution File, Format Version 12.00
# Visual Studio Version 16
VisualStudioVersion = 16.0.28407.52
MinimumVisualStudioVersion = 10.0.40219.1
Project("{8BC9CEB8-8B4A-11D0-8D11-00A0C91BC942}") = "1003", "1003\1003.vcxproj", "{D51FB54D-AA70-43AD-ABF7-F7DB58EB3420}"
EndProject
Project("{8BC9CEB8-8B4A-11D0-8D11-00A0C91BC942}") = "1004", "1004\1004.vcxproj", "{D1D05003-6B53-4A4E-9059-DE47B908D2EC}"
EndProject
Project("{8BC9CEB8-8B4A-11D0-8D11-00A0C91BC942}") = "1005", "1005\1005.vcxproj", "{9A09BB9F-0DB0-489B-95B0-8A08669AD5F8}"
EndProject
Project("{8BC9CEB8-8B4A-11D0-8D11-00A0C91BC942}") = "1001", "1001\1001.vcxproj", "{F1B7207A-E1C4-43EA-BAB5-8FD095BB7D6D}"
EndProject
Project("{8BC9CEB8-8B4A-11D0-8D11-00A0C91BC942}") = "1002", "1002\10012.vcxproj", "{5199BFD9-E13E-438B-83E6-E9E4E43BD058}"
EndProject
Project("{8BC9CEB8-8B4A-11D0-8D11-00A0C91BC942}") = "1007", "1007\1007.vcxproj", "{3DCB9D1C-1195-4CBD-BDEC-9021C51A3064}"
EndProject
Project("{8BC9CEB8-8B4A-11D0-8D11-00A0C91BC942}") = "1006", "1006\1006.vcxproj", "{9E8AB70D-C7D9-4C9B-AD44-75A63B940050}"
EndProject
Project("{8BC9CEB8-8B4A-11D0-8D11-00A0C91BC942}") = "1008", "1008\1008.vcxproj", "{7D7D4F32-7C33-4375-82EB-4C523963DAC7}"
EndProject
Project("{8BC9CEB8-8B4A-11D0-8D11-00A0C91BC942}") = "1009", "1009\1009.vcxproj", "{7198DAF0-094F-492F-8BEA-1161DAD238A6}"
EndProject
Project("{8BC9CEB8-8B4A-11D0-8D11-00A0C91BC942}") = "1010", "1010\1010.vcxproj", "{B7F0EF60-5456-40CB-825D-039FA0AE14D7}"
EndProject
Project("{8BC9CEB8-8B4A-11D0-8D11-00A0C91BC942}") = "1011", "1011\1011.vcxproj", "{F04217E2-7BC9-452D-BF5E-C0A7C912F1B0}"
EndProject
Project("{8BC9CEB8-8B4A-11D0-8D11-00A0C91BC942}") = "1012", "1012\1012.vcxproj", "{CED424CD-361A-473B-92D4-791F7F269768}"
EndProject
Project("{8BC9CEB8-8B4A-11D0-8D11-00A0C91BC942}") = "1013", "1013\1013.vcxproj", "{60DA31CA-4774-4CD8-A947-5C6126E24FDB}"
EndProject
Project("{8BC9CEB8-8B4A-11D0-8D11-00A0C91BC942}") = "1014", "1014\1014.vcxproj", "{C4F370A2-F651-4238-ADD7-A9B04F873C22}"
EndProject
Project("{8BC9CEB8-8B4A-11D0-8D11-00A0C91BC942}") = "1014vs", "1014vs\1014vs.vcxproj", "{784C78F0-4760-419D-9660-8F9E52900E87}"
EndProject
Project("{8BC9CEB8-8B4A-11D0-8D11-00A0C91BC942}") = "1015", "1015\1015.vcxproj", "{81145802-83B0-4D31-945F-5ACA4C818731}"
EndProject
Project("{8BC9CEB8-8B4A-11D0-8D11-00A0C91BC942}") = "1015vs", "1015vs\1015vs.vcxproj", "{C6AD55C9-3C4C-413C-BFBE-DD249C3F0C0F}"
EndProject
Project("{8BC9CEB8-8B4A-11D0-8D11-00A0C91BC942}") = "1016vs", "1016vs\1016vs.vcxproj", "{A1A812EC-8D8E-48DE-9AC1-85AF25D8B4A4}"
EndProject
Project("{8BC9CEB8-8B4A-11D0-8D11-00A0C91BC942}") = "1017vs", "1017vs\1017vs.vcxproj", "{D0D7CF85-EE60-42D3-9E6F-DE67F333DB51}"
EndProject
Project("{8BC9CEB8-8B4A-11D0-8D11-00A0C91BC942}") = "1018vs", "1018vs\1018vs.vcxproj", "{47BBDB1B-9C1A-4E6E-ADAC-20C907B3D4D1}"
EndProject
Project("{8BC9CEB8-8B4A-11D0-8D11-00A0C91BC942}") = "1019vs", "1019vs\1019vs.vcxproj", "{BF8C0A1E-69EB-4104-BA1B-BB2F525FAB43}"
EndProject
Project("{8BC9CEB8-8B4A-11D0-8D11-00A0C91BC942}") = "1020", "1020\1020.vcxproj", "{390EA1D6-E103-4F0A-9F12-CFB11EDEC4A1}"
EndProject
Project("{8BC9CEB8-8B4A-11D0-8D11-00A0C91BC942}") = "1021", "1021\1021.vcxproj", "{3EBF7249-EF24-4E36-8AB9-C68F5652DB14}"
EndProject
Project("{8BC9CEB8-8B4A-11D0-8D11-00A0C91BC942}") = "1022", "1022\1022.vcxproj", "{978594BC-AC28-46FD-82CF-998FDAE161D7}"
EndProject
Project("{8BC9CEB8-8B4A-11D0-8D11-00A0C91BC942}") = "1023", "1023\1023.vcxproj", "{1628549C-C73A-4754-BA3E-BAC8E2EAA00C}"
EndProject
Project("{8BC9CEB8-8B4A-11D0-8D11-00A0C91BC942}") = "1024", "1024\1024.vcxproj", "{7410017A-8C1E-48F6-870B-BD55B78D31F8}"
EndProject
Project("{8BC9CEB8-8B4A-11D0-8D11-00A0C91BC942}") = "1025", "1025\1025.vcxproj", "{42066AD0-147B-4F14-A68F-CEC7CF7F1B0B}"
EndProject
Project("{8BC9CEB8-8B4A-11D0-8D11-00A0C91BC942}") = "1026", "1026\1026.vcxproj", "{F85F3BAA-39DA-45B0-9AFC-C3D7D3555B6F}"
EndProject
Global
	GlobalSection(SolutionConfigurationPlatforms) = preSolution
		Debug|ARM = Debug|ARM
		Debug|ARM64 = Debug|ARM64
		Debug|x64 = Debug|x64
		Debug|x86 = Debug|x86
		Release|ARM = Release|ARM
		Release|ARM64 = Release|ARM64
		Release|x64 = Release|x64
		Release|x86 = Release|x86
	EndGlobalSection
	GlobalSection(ProjectConfigurationPlatforms) = postSolution
		{D51FB54D-AA70-43AD-ABF7-F7DB58EB3420}.Debug|ARM.ActiveCfg = Debug|ARM
		{D51FB54D-AA70-43AD-ABF7-F7DB58EB3420}.Debug|ARM.Build.0 = Debug|ARM
		{D51FB54D-AA70-43AD-ABF7-F7DB58EB3420}.Debug|ARM64.ActiveCfg = Debug|ARM64
		{D51FB54D-AA70-43AD-ABF7-F7DB58EB3420}.Debug|ARM64.Build.0 = Debug|ARM64
		{D51FB54D-AA70-43AD-ABF7-F7DB58EB3420}.Debug|x64.ActiveCfg = Debug|x64
		{D51FB54D-AA70-43AD-ABF7-F7DB58EB3420}.Debug|x64.Build.0 = Debug|x64
		{D51FB54D-AA70-43AD-ABF7-F7DB58EB3420}.Debug|x86.ActiveCfg = Debug|x86
		{D51FB54D-AA70-43AD-ABF7-F7DB58EB3420}.Debug|x86.Build.0 = Debug|x86
		{D51FB54D-AA70-43AD-ABF7-F7DB58EB3420}.Release|ARM.ActiveCfg = Release|ARM
		{D51FB54D-AA70-43AD-ABF7-F7DB58EB3420}.Release|ARM.Build.0 = Release|ARM
		{D51FB54D-AA70-43AD-ABF7-F7DB58EB3420}.Release|ARM64.ActiveCfg = Release|ARM64
		{D51FB54D-AA70-43AD-ABF7-F7DB58EB3420}.Release|ARM64.Build.0 = Release|ARM64
		{D51FB54D-AA70-43AD-ABF7-F7DB58EB3420}.Release|x64.ActiveCfg = Release|x64
		{D51FB54D-AA70-43AD-ABF7-F7DB58EB3420}.Release|x64.Build.0 = Release|x64
		{D51FB54D-AA70-43AD-ABF7-F7DB58EB3420}.Release|x86.ActiveCfg = Release|x86
		{D51FB54D-AA70-43AD-ABF7-F7DB58EB3420}.Release|x86.Build.0 = Release|x86
		{D1D05003-6B53-4A4E-9059-DE47B908D2EC}.Debug|ARM.ActiveCfg = Debug|ARM
		{D1D05003-6B53-4A4E-9059-DE47B908D2EC}.Debug|ARM.Build.0 = Debug|ARM
		{D1D05003-6B53-4A4E-9059-DE47B908D2EC}.Debug|ARM64.ActiveCfg = Debug|ARM64
		{D1D05003-6B53-4A4E-9059-DE47B908D2EC}.Debug|ARM64.Build.0 = Debug|ARM64
		{D1D05003-6B53-4A4E-9059-DE47B908D2EC}.Debug|x64.ActiveCfg = Debug|x64
		{D1D05003-6B53-4A4E-9059-DE47B908D2EC}.Debug|x64.Build.0 = Debug|x64
		{D1D05003-6B53-4A4E-9059-DE47B908D2EC}.Debug|x86.ActiveCfg = Debug|x86
		{D1D05003-6B53-4A4E-9059-DE47B908D2EC}.Debug|x86.Build.0 = Debug|x86
		{D1D05003-6B53-4A4E-9059-DE47B908D2EC}.Release|ARM.ActiveCfg = Release|ARM
		{D1D05003-6B53-4A4E-9059-DE47B908D2EC}.Release|ARM.Build.0 = Release|ARM
		{D1D05003-6B53-4A4E-9059-DE47B908D2EC}.Release|ARM64.ActiveCfg = Release|ARM64
		{D1D05003-6B53-4A4E-9059-DE47B908D2EC}.Release|ARM64.Build.0 = Release|ARM64
		{D1D05003-6B53-4A4E-9059-DE47B908D2EC}.Release|x64.ActiveCfg = Release|x64
		{D1D05003-6B53-4A4E-9059-DE47B908D2EC}.Release|x64.Build.0 = Release|x64
		{D1D05003-6B53-4A4E-9059-DE47B908D2EC}.Release|x86.ActiveCfg = Release|x86
		{D1D05003-6B53-4A4E-9059-DE47B908D2EC}.Release|x86.Build.0 = Release|x86
		{9A09BB9F-0DB0-489B-95B0-8A08669AD5F8}.Debug|ARM.ActiveCfg = Debug|ARM
		{9A09BB9F-0DB0-489B-95B0-8A08669AD5F8}.Debug|ARM.Build.0 = Debug|ARM
		{9A09BB9F-0DB0-489B-95B0-8A08669AD5F8}.Debug|ARM64.ActiveCfg = Debug|ARM64
		{9A09BB9F-0DB0-489B-95B0-8A08669AD5F8}.Debug|ARM64.Build.0 = Debug|ARM64
		{9A09BB9F-0DB0-489B-95B0-8A08669AD5F8}.Debug|x64.ActiveCfg = Debug|x64
		{9A09BB9F-0DB0-489B-95B0-8A08669AD5F8}.Debug|x64.Build.0 = Debug|x64
		{9A09BB9F-0DB0-489B-95B0-8A08669AD5F8}.Debug|x86.ActiveCfg = Debug|x86
		{9A09BB9F-0DB0-489B-95B0-8A08669AD5F8}.Debug|x86.Build.0 = Debug|x86
		{9A09BB9F-0DB0-489B-95B0-8A08669AD5F8}.Release|ARM.ActiveCfg = Release|ARM
		{9A09BB9F-0DB0-489B-95B0-8A08669AD5F8}.Release|ARM.Build.0 = Release|ARM
		{9A09BB9F-0DB0-489B-95B0-8A08669AD5F8}.Release|ARM64.ActiveCfg = Release|ARM64
		{9A09BB9F-0DB0-489B-95B0-8A08669AD5F8}.Release|ARM64.Build.0 = Release|ARM64
		{9A09BB9F-0DB0-489B-95B0-8A08669AD5F8}.Release|x64.ActiveCfg = Release|x64
		{9A09BB9F-0DB0-489B-95B0-8A08669AD5F8}.Release|x64.Build.0 = Release|x64
		{9A09BB9F-0DB0-489B-95B0-8A08669AD5F8}.Release|x86.ActiveCfg = Release|x86
		{9A09BB9F-0DB0-489B-95B0-8A08669AD5F8}.Release|x86.Build.0 = Release|x86
		{F1B7207A-E1C4-43EA-BAB5-8FD095BB7D6D}.Debug|ARM.ActiveCfg = Debug|ARM
		{F1B7207A-E1C4-43EA-BAB5-8FD095BB7D6D}.Debug|ARM.Build.0 = Debug|ARM
		{F1B7207A-E1C4-43EA-BAB5-8FD095BB7D6D}.Debug|ARM64.ActiveCfg = Debug|ARM64
		{F1B7207A-E1C4-43EA-BAB5-8FD095BB7D6D}.Debug|ARM64.Build.0 = Debug|ARM64
		{F1B7207A-E1C4-43EA-BAB5-8FD095BB7D6D}.Debug|x64.ActiveCfg = Debug|x64
		{F1B7207A-E1C4-43EA-BAB5-8FD095BB7D6D}.Debug|x64.Build.0 = Debug|x64
		{F1B7207A-E1C4-43EA-BAB5-8FD095BB7D6D}.Debug|x86.ActiveCfg = Debug|x86
		{F1B7207A-E1C4-43EA-BAB5-8FD095BB7D6D}.Debug|x86.Build.0 = Debug|x86
		{F1B7207A-E1C4-43EA-BAB5-8FD095BB7D6D}.Release|ARM.ActiveCfg = Release|ARM
		{F1B7207A-E1C4-43EA-BAB5-8FD095BB7D6D}.Release|ARM.Build.0 = Release|ARM
		{F1B7207A-E1C4-43EA-BAB5-8FD095BB7D6D}.Release|ARM64.ActiveCfg = Release|ARM64
		{F1B7207A-E1C4-43EA-BAB5-8FD095BB7D6D}.Release|ARM64.Build.0 = Release|ARM64
		{F1B7207A-E1C4-43EA-BAB5-8FD095BB7D6D}.Release|x64.ActiveCfg = Release|x64
		{F1B7207A-E1C4-43EA-BAB5-8FD095BB7D6D}.Release|x64.Build.0 = Release|x64
		{F1B7207A-E1C4-43EA-BAB5-8FD095BB7D6D}.Release|x86.ActiveCfg = Release|x86
		{F1B7207A-E1C4-43EA-BAB5-8FD095BB7D6D}.Release|x86.Build.0 = Release|x86
		{5199BFD9-E13E-438B-83E6-E9E4E43BD058}.Debug|ARM.ActiveCfg = Debug|ARM
		{5199BFD9-E13E-438B-83E6-E9E4E43BD058}.Debug|ARM.Build.0 = Debug|ARM
		{5199BFD9-E13E-438B-83E6-E9E4E43BD058}.Debug|ARM64.ActiveCfg = Debug|ARM64
		{5199BFD9-E13E-438B-83E6-E9E4E43BD058}.Debug|ARM64.Build.0 = Debug|ARM64
		{5199BFD9-E13E-438B-83E6-E9E4E43BD058}.Debug|x64.ActiveCfg = Debug|x64
		{5199BFD9-E13E-438B-83E6-E9E4E43BD058}.Debug|x64.Build.0 = Debug|x64
		{5199BFD9-E13E-438B-83E6-E9E4E43BD058}.Debug|x86.ActiveCfg = Debug|x86
		{5199BFD9-E13E-438B-83E6-E9E4E43BD058}.Debug|x86.Build.0 = Debug|x86
		{5199BFD9-E13E-438B-83E6-E9E4E43BD058}.Release|ARM.ActiveCfg = Release|ARM
		{5199BFD9-E13E-438B-83E6-E9E4E43BD058}.Release|ARM.Build.0 = Release|ARM
		{5199BFD9-E13E-438B-83E6-E9E4E43BD058}.Release|ARM64.ActiveCfg = Release|ARM64
		{5199BFD9-E13E-438B-83E6-E9E4E43BD058}.Release|ARM64.Build.0 = Release|ARM64
		{5199BFD9-E13E-438B-83E6-E9E4E43BD058}.Release|x64.ActiveCfg = Release|x64
		{5199BFD9-E13E-438B-83E6-E9E4E43BD058}.Release|x64.Build.0 = Release|x64
		{5199BFD9-E13E-438B-83E6-E9E4E43BD058}.Release|x86.ActiveCfg = Release|x86
		{5199BFD9-E13E-438B-83E6-E9E4E43BD058}.Release|x86.Build.0 = Release|x86
		{3DCB9D1C-1195-4CBD-BDEC-9021C51A3064}.Debug|ARM.ActiveCfg = Debug|ARM
		{3DCB9D1C-1195-4CBD-BDEC-9021C51A3064}.Debug|ARM.Build.0 = Debug|ARM
		{3DCB9D1C-1195-4CBD-BDEC-9021C51A3064}.Debug|ARM64.ActiveCfg = Debug|ARM64
		{3DCB9D1C-1195-4CBD-BDEC-9021C51A3064}.Debug|ARM64.Build.0 = Debug|ARM64
		{3DCB9D1C-1195-4CBD-BDEC-9021C51A3064}.Debug|x64.ActiveCfg = Debug|x64
		{3DCB9D1C-1195-4CBD-BDEC-9021C51A3064}.Debug|x64.Build.0 = Debug|x64
		{3DCB9D1C-1195-4CBD-BDEC-9021C51A3064}.Debug|x86.ActiveCfg = Debug|x86
		{3DCB9D1C-1195-4CBD-BDEC-9021C51A3064}.Debug|x86.Build.0 = Debug|x86
		{3DCB9D1C-1195-4CBD-BDEC-9021C51A3064}.Release|ARM.ActiveCfg = Release|ARM
		{3DCB9D1C-1195-4CBD-BDEC-9021C51A3064}.Release|ARM.Build.0 = Release|ARM
		{3DCB9D1C-1195-4CBD-BDEC-9021C51A3064}.Release|ARM64.ActiveCfg = Release|ARM64
		{3DCB9D1C-1195-4CBD-BDEC-9021C51A3064}.Release|ARM64.Build.0 = Release|ARM64
		{3DCB9D1C-1195-4CBD-BDEC-9021C51A3064}.Release|x64.ActiveCfg = Release|x64
		{3DCB9D1C-1195-4CBD-BDEC-9021C51A3064}.Release|x64.Build.0 = Release|x64
		{3DCB9D1C-1195-4CBD-BDEC-9021C51A3064}.Release|x86.ActiveCfg = Release|x86
		{3DCB9D1C-1195-4CBD-BDEC-9021C51A3064}.Release|x86.Build.0 = Release|x86
		{9E8AB70D-C7D9-4C9B-AD44-75A63B940050}.Debug|ARM.ActiveCfg = Debug|ARM
		{9E8AB70D-C7D9-4C9B-AD44-75A63B940050}.Debug|ARM.Build.0 = Debug|ARM
		{9E8AB70D-C7D9-4C9B-AD44-75A63B940050}.Debug|ARM64.ActiveCfg = Debug|ARM64
		{9E8AB70D-C7D9-4C9B-AD44-75A63B940050}.Debug|ARM64.Build.0 = Debug|ARM64
		{9E8AB70D-C7D9-4C9B-AD44-75A63B940050}.Debug|x64.ActiveCfg = Debug|x64
		{9E8AB70D-C7D9-4C9B-AD44-75A63B940050}.Debug|x64.Build.0 = Debug|x64
		{9E8AB70D-C7D9-4C9B-AD44-75A63B940050}.Debug|x86.ActiveCfg = Debug|x86
		{9E8AB70D-C7D9-4C9B-AD44-75A63B940050}.Debug|x86.Build.0 = Debug|x86
		{9E8AB70D-C7D9-4C9B-AD44-75A63B940050}.Release|ARM.ActiveCfg = Release|ARM
		{9E8AB70D-C7D9-4C9B-AD44-75A63B940050}.Release|ARM.Build.0 = Release|ARM
		{9E8AB70D-C7D9-4C9B-AD44-75A63B940050}.Release|ARM64.ActiveCfg = Release|ARM64
		{9E8AB70D-C7D9-4C9B-AD44-75A63B940050}.Release|ARM64.Build.0 = Release|ARM64
		{9E8AB70D-C7D9-4C9B-AD44-75A63B940050}.Release|x64.ActiveCfg = Release|x64
		{9E8AB70D-C7D9-4C9B-AD44-75A63B940050}.Release|x64.Build.0 = Release|x64
		{9E8AB70D-C7D9-4C9B-AD44-75A63B940050}.Release|x86.ActiveCfg = Release|x86
		{9E8AB70D-C7D9-4C9B-AD44-75A63B940050}.Release|x86.Build.0 = Release|x86
		{7D7D4F32-7C33-4375-82EB-4C523963DAC7}.Debug|ARM.ActiveCfg = Debug|ARM
		{7D7D4F32-7C33-4375-82EB-4C523963DAC7}.Debug|ARM.Build.0 = Debug|ARM
		{7D7D4F32-7C33-4375-82EB-4C523963DAC7}.Debug|ARM64.ActiveCfg = Debug|ARM64
		{7D7D4F32-7C33-4375-82EB-4C523963DAC7}.Debug|ARM64.Build.0 = Debug|ARM64
		{7D7D4F32-7C33-4375-82EB-4C523963DAC7}.Debug|x64.ActiveCfg = Debug|x64
		{7D7D4F32-7C33-4375-82EB-4C523963DAC7}.Debug|x64.Build.0 = Debug|x64
		{7D7D4F32-7C33-4375-82EB-4C523963DAC7}.Debug|x86.ActiveCfg = Debug|x86
		{7D7D4F32-7C33-4375-82EB-4C523963DAC7}.Debug|x86.Build.0 = Debug|x86
		{7D7D4F32-7C33-4375-82EB-4C523963DAC7}.Release|ARM.ActiveCfg = Release|ARM
		{7D7D4F32-7C33-4375-82EB-4C523963DAC7}.Release|ARM.Build.0 = Release|ARM
		{7D7D4F32-7C33-4375-82EB-4C523963DAC7}.Release|ARM64.ActiveCfg = Release|ARM64
		{7D7D4F32-7C33-4375-82EB-4C523963DAC7}.Release|ARM64.Build.0 = Release|ARM64
		{7D7D4F32-7C33-4375-82EB-4C523963DAC7}.Release|x64.ActiveCfg = Release|x64
		{7D7D4F32-7C33-4375-82EB-4C523963DAC7}.Release|x64.Build.0 = Release|x64
		{7D7D4F32-7C33-4375-82EB-4C523963DAC7}.Release|x86.ActiveCfg = Release|x86
		{7D7D4F32-7C33-4375-82EB-4C523963DAC7}.Release|x86.Build.0 = Release|x86
		{7198DAF0-094F-492F-8BEA-1161DAD238A6}.Debug|ARM.ActiveCfg = Debug|ARM
		{7198DAF0-094F-492F-8BEA-1161DAD238A6}.Debug|ARM.Build.0 = Debug|ARM
		{7198DAF0-094F-492F-8BEA-1161DAD238A6}.Debug|ARM64.ActiveCfg = Debug|ARM64
		{7198DAF0-094F-492F-8BEA-1161DAD238A6}.Debug|ARM64.Build.0 = Debug|ARM64
		{7198DAF0-094F-492F-8BEA-1161DAD238A6}.Debug|x64.ActiveCfg = Debug|x64
		{7198DAF0-094F-492F-8BEA-1161DAD238A6}.Debug|x64.Build.0 = Debug|x64
		{7198DAF0-094F-492F-8BEA-1161DAD238A6}.Debug|x86.ActiveCfg = Debug|x86
		{7198DAF0-094F-492F-8BEA-1161DAD238A6}.Debug|x86.Build.0 = Debug|x86
		{7198DAF0-094F-492F-8BEA-1161DAD238A6}.Release|ARM.ActiveCfg = Release|ARM
		{7198DAF0-094F-492F-8BEA-1161DAD238A6}.Release|ARM.Build.0 = Release|ARM
		{7198DAF0-094F-492F-8BEA-1161DAD238A6}.Release|ARM64.ActiveCfg = Release|ARM64
		{7198DAF0-094F-492F-8BEA-1161DAD238A6}.Release|ARM64.Build.0 = Release|ARM64
		{7198DAF0-094F-492F-8BEA-1161DAD238A6}.Release|x64.ActiveCfg = Release|x64
		{7198DAF0-094F-492F-8BEA-1161DAD238A6}.Release|x64.Build.0 = Release|x64
		{7198DAF0-094F-492F-8BEA-1161DAD238A6}.Release|x86.ActiveCfg = Release|x86
		{7198DAF0-094F-492F-8BEA-1161DAD238A6}.Release|x86.Build.0 = Release|x86
		{B7F0EF60-5456-40CB-825D-039FA0AE14D7}.Debug|ARM.ActiveCfg = Debug|ARM
		{B7F0EF60-5456-40CB-825D-039FA0AE14D7}.Debug|ARM.Build.0 = Debug|ARM
		{B7F0EF60-5456-40CB-825D-039FA0AE14D7}.Debug|ARM64.ActiveCfg = Debug|ARM64
		{B7F0EF60-5456-40CB-825D-039FA0AE14D7}.Debug|ARM64.Build.0 = Debug|ARM64
		{B7F0EF60-5456-40CB-825D-039FA0AE14D7}.Debug|x64.ActiveCfg = Debug|x64
		{B7F0EF60-5456-40CB-825D-039FA0AE14D7}.Debug|x64.Build.0 = Debug|x64
		{B7F0EF60-5456-40CB-825D-039FA0AE14D7}.Debug|x86.ActiveCfg = Debug|x86
		{B7F0EF60-5456-40CB-825D-039FA0AE14D7}.Debug|x86.Build.0 = Debug|x86
		{B7F0EF60-5456-40CB-825D-039FA0AE14D7}.Release|ARM.ActiveCfg = Release|ARM
		{B7F0EF60-5456-40CB-825D-039FA0AE14D7}.Release|ARM.Build.0 = Release|ARM
		{B7F0EF60-5456-40CB-825D-039FA0AE14D7}.Release|ARM64.ActiveCfg = Release|ARM64
		{B7F0EF60-5456-40CB-825D-039FA0AE14D7}.Release|ARM64.Build.0 = Release|ARM64
		{B7F0EF60-5456-40CB-825D-039FA0AE14D7}.Release|x64.ActiveCfg = Release|x64
		{B7F0EF60-5456-40CB-825D-039FA0AE14D7}.Release|x64.Build.0 = Release|x64
		{B7F0EF60-5456-40CB-825D-039FA0AE14D7}.Release|x86.ActiveCfg = Release|x86
		{B7F0EF60-5456-40CB-825D-039FA0AE14D7}.Release|x86.Build.0 = Release|x86
		{F04217E2-7BC9-452D-BF5E-C0A7C912F1B0}.Debug|ARM.ActiveCfg = Debug|ARM
		{F04217E2-7BC9-452D-BF5E-C0A7C912F1B0}.Debug|ARM.Build.0 = Debug|ARM
		{F04217E2-7BC9-452D-BF5E-C0A7C912F1B0}.Debug|ARM64.ActiveCfg = Debug|ARM64
		{F04217E2-7BC9-452D-BF5E-C0A7C912F1B0}.Debug|ARM64.Build.0 = Debug|ARM64
		{F04217E2-7BC9-452D-BF5E-C0A7C912F1B0}.Debug|x64.ActiveCfg = Debug|x64
		{F04217E2-7BC9-452D-BF5E-C0A7C912F1B0}.Debug|x64.Build.0 = Debug|x64
		{F04217E2-7BC9-452D-BF5E-C0A7C912F1B0}.Debug|x86.ActiveCfg = Debug|x86
		{F04217E2-7BC9-452D-BF5E-C0A7C912F1B0}.Debug|x86.Build.0 = Debug|x86
		{F04217E2-7BC9-452D-BF5E-C0A7C912F1B0}.Release|ARM.ActiveCfg = Release|ARM
		{F04217E2-7BC9-452D-BF5E-C0A7C912F1B0}.Release|ARM.Build.0 = Release|ARM
		{F04217E2-7BC9-452D-BF5E-C0A7C912F1B0}.Release|ARM64.ActiveCfg = Release|ARM64
		{F04217E2-7BC9-452D-BF5E-C0A7C912F1B0}.Release|ARM64.Build.0 = Release|ARM64
		{F04217E2-7BC9-452D-BF5E-C0A7C912F1B0}.Release|x64.ActiveCfg = Release|x64
		{F04217E2-7BC9-452D-BF5E-C0A7C912F1B0}.Release|x64.Build.0 = Release|x64
		{F04217E2-7BC9-452D-BF5E-C0A7C912F1B0}.Release|x86.ActiveCfg = Release|x86
		{F04217E2-7BC9-452D-BF5E-C0A7C912F1B0}.Release|x86.Build.0 = Release|x86
		{CED424CD-361A-473B-92D4-791F7F269768}.Debug|ARM.ActiveCfg = Debug|ARM
		{CED424CD-361A-473B-92D4-791F7F269768}.Debug|ARM.Build.0 = Debug|ARM
		{CED424CD-361A-473B-92D4-791F7F269768}.Debug|ARM64.ActiveCfg = Debug|ARM64
		{CED424CD-361A-473B-92D4-791F7F269768}.Debug|ARM64.Build.0 = Debug|ARM64
		{CED424CD-361A-473B-92D4-791F7F269768}.Debug|x64.ActiveCfg = Debug|x64
		{CED424CD-361A-473B-92D4-791F7F269768}.Debug|x64.Build.0 = Debug|x64
		{CED424CD-361A-473B-92D4-791F7F269768}.Debug|x86.ActiveCfg = Debug|x86
		{CED424CD-361A-473B-92D4-791F7F269768}.Debug|x86.Build.0 = Debug|x86
		{CED424CD-361A-473B-92D4-791F7F269768}.Release|ARM.ActiveCfg = Release|ARM
		{CED424CD-361A-473B-92D4-791F7F269768}.Release|ARM.Build.0 = Release|ARM
		{CED424CD-361A-473B-92D4-791F7F269768}.Release|ARM64.ActiveCfg = Release|ARM64
		{CED424CD-361A-473B-92D4-791F7F269768}.Release|ARM64.Build.0 = Release|ARM64
		{CED424CD-361A-473B-92D4-791F7F269768}.Release|x64.ActiveCfg = Release|x64
		{CED424CD-361A-473B-92D4-791F7F269768}.Release|x64.Build.0 = Release|x64
		{CED424CD-361A-473B-92D4-791F7F269768}.Release|x86.ActiveCfg = Release|x86
		{CED424CD-361A-473B-92D4-791F7F269768}.Release|x86.Build.0 = Release|x86
		{60DA31CA-4774-4CD8-A947-5C6126E24FDB}.Debug|ARM.ActiveCfg = Debug|ARM
		{60DA31CA-4774-4CD8-A947-5C6126E24FDB}.Debug|ARM.Build.0 = Debug|ARM
		{60DA31CA-4774-4CD8-A947-5C6126E24FDB}.Debug|ARM64.ActiveCfg = Debug|ARM64
		{60DA31CA-4774-4CD8-A947-5C6126E24FDB}.Debug|ARM64.Build.0 = Debug|ARM64
		{60DA31CA-4774-4CD8-A947-5C6126E24FDB}.Debug|x64.ActiveCfg = Debug|x64
		{60DA31CA-4774-4CD8-A947-5C6126E24FDB}.Debug|x64.Build.0 = Debug|x64
		{60DA31CA-4774-4CD8-A947-5C6126E24FDB}.Debug|x86.ActiveCfg = Debug|x86
		{60DA31CA-4774-4CD8-A947-5C6126E24FDB}.Debug|x86.Build.0 = Debug|x86
		{60DA31CA-4774-4CD8-A947-5C6126E24FDB}.Release|ARM.ActiveCfg = Release|ARM
		{60DA31CA-4774-4CD8-A947-5C6126E24FDB}.Release|ARM.Build.0 = Release|ARM
		{60DA31CA-4774-4CD8-A947-5C6126E24FDB}.Release|ARM64.ActiveCfg = Release|ARM64
		{60DA31CA-4774-4CD8-A947-5C6126E24FDB}.Release|ARM64.Build.0 = Release|ARM64
		{60DA31CA-4774-4CD8-A947-5C6126E24FDB}.Release|x64.ActiveCfg = Release|x64
		{60DA31CA-4774-4CD8-A947-5C6126E24FDB}.Release|x64.Build.0 = Release|x64
		{60DA31CA-4774-4CD8-A947-5C6126E24FDB}.Release|x86.ActiveCfg = Release|x86
		{60DA31CA-4774-4CD8-A947-5C6126E24FDB}.Release|x86.Build.0 = Release|x86
		{C4F370A2-F651-4238-ADD7-A9B04F873C22}.Debug|ARM.ActiveCfg = Debug|ARM
		{C4F370A2-F651-4238-ADD7-A9B04F873C22}.Debug|ARM.Build.0 = Debug|ARM
		{C4F370A2-F651-4238-ADD7-A9B04F873C22}.Debug|ARM64.ActiveCfg = Debug|ARM64
		{C4F370A2-F651-4238-ADD7-A9B04F873C22}.Debug|ARM64.Build.0 = Debug|ARM64
		{C4F370A2-F651-4238-ADD7-A9B04F873C22}.Debug|x64.ActiveCfg = Debug|x64
		{C4F370A2-F651-4238-ADD7-A9B04F873C22}.Debug|x64.Build.0 = Debug|x64
		{C4F370A2-F651-4238-ADD7-A9B04F873C22}.Debug|x86.ActiveCfg = Debug|x86
		{C4F370A2-F651-4238-ADD7-A9B04F873C22}.Debug|x86.Build.0 = Debug|x86
		{C4F370A2-F651-4238-ADD7-A9B04F873C22}.Release|ARM.ActiveCfg = Release|ARM
		{C4F370A2-F651-4238-ADD7-A9B04F873C22}.Release|ARM.Build.0 = Release|ARM
		{C4F370A2-F651-4238-ADD7-A9B04F873C22}.Release|ARM64.ActiveCfg = Release|ARM64
		{C4F370A2-F651-4238-ADD7-A9B04F873C22}.Release|ARM64.Build.0 = Release|ARM64
		{C4F370A2-F651-4238-ADD7-A9B04F873C22}.Release|x64.ActiveCfg = Release|x64
		{C4F370A2-F651-4238-ADD7-A9B04F873C22}.Release|x64.Build.0 = Release|x64
		{C4F370A2-F651-4238-ADD7-A9B04F873C22}.Release|x86.ActiveCfg = Release|x86
		{C4F370A2-F651-4238-ADD7-A9B04F873C22}.Release|x86.Build.0 = Release|x86
		{784C78F0-4760-419D-9660-8F9E52900E87}.Debug|ARM.ActiveCfg = Debug|Win32
		{784C78F0-4760-419D-9660-8F9E52900E87}.Debug|ARM64.ActiveCfg = Debug|Win32
		{784C78F0-4760-419D-9660-8F9E52900E87}.Debug|x64.ActiveCfg = Debug|x64
		{784C78F0-4760-419D-9660-8F9E52900E87}.Debug|x64.Build.0 = Debug|x64
		{784C78F0-4760-419D-9660-8F9E52900E87}.Debug|x86.ActiveCfg = Debug|Win32
		{784C78F0-4760-419D-9660-8F9E52900E87}.Debug|x86.Build.0 = Debug|Win32
		{784C78F0-4760-419D-9660-8F9E52900E87}.Release|ARM.ActiveCfg = Release|Win32
		{784C78F0-4760-419D-9660-8F9E52900E87}.Release|ARM64.ActiveCfg = Release|Win32
		{784C78F0-4760-419D-9660-8F9E52900E87}.Release|x64.ActiveCfg = Release|x64
		{784C78F0-4760-419D-9660-8F9E52900E87}.Release|x64.Build.0 = Release|x64
		{784C78F0-4760-419D-9660-8F9E52900E87}.Release|x86.ActiveCfg = Release|Win32
		{784C78F0-4760-419D-9660-8F9E52900E87}.Release|x86.Build.0 = Release|Win32
		{81145802-83B0-4D31-945F-5ACA4C818731}.Debug|ARM.ActiveCfg = Debug|ARM
		{81145802-83B0-4D31-945F-5ACA4C818731}.Debug|ARM.Build.0 = Debug|ARM
		{81145802-83B0-4D31-945F-5ACA4C818731}.Debug|ARM64.ActiveCfg = Debug|ARM64
		{81145802-83B0-4D31-945F-5ACA4C818731}.Debug|ARM64.Build.0 = Debug|ARM64
		{81145802-83B0-4D31-945F-5ACA4C818731}.Debug|x64.ActiveCfg = Debug|x64
		{81145802-83B0-4D31-945F-5ACA4C818731}.Debug|x64.Build.0 = Debug|x64
		{81145802-83B0-4D31-945F-5ACA4C818731}.Debug|x86.ActiveCfg = Debug|x86
		{81145802-83B0-4D31-945F-5ACA4C818731}.Debug|x86.Build.0 = Debug|x86
		{81145802-83B0-4D31-945F-5ACA4C818731}.Release|ARM.ActiveCfg = Release|ARM
		{81145802-83B0-4D31-945F-5ACA4C818731}.Release|ARM.Build.0 = Release|ARM
		{81145802-83B0-4D31-945F-5ACA4C818731}.Release|ARM64.ActiveCfg = Release|ARM64
		{81145802-83B0-4D31-945F-5ACA4C818731}.Release|ARM64.Build.0 = Release|ARM64
		{81145802-83B0-4D31-945F-5ACA4C818731}.Release|x64.ActiveCfg = Release|x64
		{81145802-83B0-4D31-945F-5ACA4C818731}.Release|x64.Build.0 = Release|x64
		{81145802-83B0-4D31-945F-5ACA4C818731}.Release|x86.ActiveCfg = Release|x86
		{81145802-83B0-4D31-945F-5ACA4C818731}.Release|x86.Build.0 = Release|x86
		{C6AD55C9-3C4C-413C-BFBE-DD249C3F0C0F}.Debug|ARM.ActiveCfg = Debug|Win32
		{C6AD55C9-3C4C-413C-BFBE-DD249C3F0C0F}.Debug|ARM64.ActiveCfg = Debug|Win32
		{C6AD55C9-3C4C-413C-BFBE-DD249C3F0C0F}.Debug|x64.ActiveCfg = Debug|x64
		{C6AD55C9-3C4C-413C-BFBE-DD249C3F0C0F}.Debug|x64.Build.0 = Debug|x64
		{C6AD55C9-3C4C-413C-BFBE-DD249C3F0C0F}.Debug|x86.ActiveCfg = Debug|Win32
		{C6AD55C9-3C4C-413C-BFBE-DD249C3F0C0F}.Debug|x86.Build.0 = Debug|Win32
		{C6AD55C9-3C4C-413C-BFBE-DD249C3F0C0F}.Release|ARM.ActiveCfg = Release|Win32
		{C6AD55C9-3C4C-413C-BFBE-DD249C3F0C0F}.Release|ARM64.ActiveCfg = Release|Win32
		{C6AD55C9-3C4C-413C-BFBE-DD249C3F0C0F}.Release|x64.ActiveCfg = Release|x64
		{C6AD55C9-3C4C-413C-BFBE-DD249C3F0C0F}.Release|x64.Build.0 = Release|x64
		{C6AD55C9-3C4C-413C-BFBE-DD249C3F0C0F}.Release|x86.ActiveCfg = Release|Win32
		{C6AD55C9-3C4C-413C-BFBE-DD249C3F0C0F}.Release|x86.Build.0 = Release|Win32
		{A1A812EC-8D8E-48DE-9AC1-85AF25D8B4A4}.Debug|ARM.ActiveCfg = Debug|Win32
		{A1A812EC-8D8E-48DE-9AC1-85AF25D8B4A4}.Debug|ARM64.ActiveCfg = Debug|Win32
		{A1A812EC-8D8E-48DE-9AC1-85AF25D8B4A4}.Debug|x64.ActiveCfg = Debug|x64
		{A1A812EC-8D8E-48DE-9AC1-85AF25D8B4A4}.Debug|x64.Build.0 = Debug|x64
		{A1A812EC-8D8E-48DE-9AC1-85AF25D8B4A4}.Debug|x86.ActiveCfg = Debug|Win32
		{A1A812EC-8D8E-48DE-9AC1-85AF25D8B4A4}.Debug|x86.Build.0 = Debug|Win32
		{A1A812EC-8D8E-48DE-9AC1-85AF25D8B4A4}.Release|ARM.ActiveCfg = Release|Win32
		{A1A812EC-8D8E-48DE-9AC1-85AF25D8B4A4}.Release|ARM64.ActiveCfg = Release|Win32
		{A1A812EC-8D8E-48DE-9AC1-85AF25D8B4A4}.Release|x64.ActiveCfg = Release|x64
		{A1A812EC-8D8E-48DE-9AC1-85AF25D8B4A4}.Release|x64.Build.0 = Release|x64
		{A1A812EC-8D8E-48DE-9AC1-85AF25D8B4A4}.Release|x86.ActiveCfg = Release|Win32
		{A1A812EC-8D8E-48DE-9AC1-85AF25D8B4A4}.Release|x86.Build.0 = Release|Win32
		{D0D7CF85-EE60-42D3-9E6F-DE67F333DB51}.Debug|ARM.ActiveCfg = Debug|Win32
		{D0D7CF85-EE60-42D3-9E6F-DE67F333DB51}.Debug|ARM64.ActiveCfg = Debug|Win32
		{D0D7CF85-EE60-42D3-9E6F-DE67F333DB51}.Debug|x64.ActiveCfg = Debug|x64
		{D0D7CF85-EE60-42D3-9E6F-DE67F333DB51}.Debug|x64.Build.0 = Debug|x64
		{D0D7CF85-EE60-42D3-9E6F-DE67F333DB51}.Debug|x86.ActiveCfg = Debug|Win32
		{D0D7CF85-EE60-42D3-9E6F-DE67F333DB51}.Debug|x86.Build.0 = Debug|Win32
		{D0D7CF85-EE60-42D3-9E6F-DE67F333DB51}.Release|ARM.ActiveCfg = Release|Win32
		{D0D7CF85-EE60-42D3-9E6F-DE67F333DB51}.Release|ARM64.ActiveCfg = Release|Win32
		{D0D7CF85-EE60-42D3-9E6F-DE67F333DB51}.Release|x64.ActiveCfg = Release|x64
		{D0D7CF85-EE60-42D3-9E6F-DE67F333DB51}.Release|x64.Build.0 = Release|x64
		{D0D7CF85-EE60-42D3-9E6F-DE67F333DB51}.Release|x86.ActiveCfg = Release|Win32
		{D0D7CF85-EE60-42D3-9E6F-DE67F333DB51}.Release|x86.Build.0 = Release|Win32
		{47BBDB1B-9C1A-4E6E-ADAC-20C907B3D4D1}.Debug|ARM.ActiveCfg = Debug|Win32
		{47BBDB1B-9C1A-4E6E-ADAC-20C907B3D4D1}.Debug|ARM64.ActiveCfg = Debug|Win32
		{47BBDB1B-9C1A-4E6E-ADAC-20C907B3D4D1}.Debug|x64.ActiveCfg = Debug|x64
		{47BBDB1B-9C1A-4E6E-ADAC-20C907B3D4D1}.Debug|x64.Build.0 = Debug|x64
		{47BBDB1B-9C1A-4E6E-ADAC-20C907B3D4D1}.Debug|x86.ActiveCfg = Debug|Win32
		{47BBDB1B-9C1A-4E6E-ADAC-20C907B3D4D1}.Debug|x86.Build.0 = Debug|Win32
		{47BBDB1B-9C1A-4E6E-ADAC-20C907B3D4D1}.Release|ARM.ActiveCfg = Release|Win32
		{47BBDB1B-9C1A-4E6E-ADAC-20C907B3D4D1}.Release|ARM64.ActiveCfg = Release|Win32
		{47BBDB1B-9C1A-4E6E-ADAC-20C907B3D4D1}.Release|x64.ActiveCfg = Release|x64
		{47BBDB1B-9C1A-4E6E-ADAC-20C907B3D4D1}.Release|x64.Build.0 = Release|x64
		{47BBDB1B-9C1A-4E6E-ADAC-20C907B3D4D1}.Release|x86.ActiveCfg = Release|Win32
		{47BBDB1B-9C1A-4E6E-ADAC-20C907B3D4D1}.Release|x86.Build.0 = Release|Win32
		{BF8C0A1E-69EB-4104-BA1B-BB2F525FAB43}.Debug|ARM.ActiveCfg = Debug|Win32
		{BF8C0A1E-69EB-4104-BA1B-BB2F525FAB43}.Debug|ARM64.ActiveCfg = Debug|Win32
		{BF8C0A1E-69EB-4104-BA1B-BB2F525FAB43}.Debug|x64.ActiveCfg = Debug|x64
		{BF8C0A1E-69EB-4104-BA1B-BB2F525FAB43}.Debug|x64.Build.0 = Debug|x64
		{BF8C0A1E-69EB-4104-BA1B-BB2F525FAB43}.Debug|x86.ActiveCfg = Debug|Win32
		{BF8C0A1E-69EB-4104-BA1B-BB2F525FAB43}.Debug|x86.Build.0 = Debug|Win32
		{BF8C0A1E-69EB-4104-BA1B-BB2F525FAB43}.Release|ARM.ActiveCfg = Release|Win32
		{BF8C0A1E-69EB-4104-BA1B-BB2F525FAB43}.Release|ARM64.ActiveCfg = Release|Win32
		{BF8C0A1E-69EB-4104-BA1B-BB2F525FAB43}.Release|x64.ActiveCfg = Release|x64
		{BF8C0A1E-69EB-4104-BA1B-BB2F525FAB43}.Release|x64.Build.0 = Release|x64
		{BF8C0A1E-69EB-4104-BA1B-BB2F525FAB43}.Release|x86.ActiveCfg = Release|Win32
		{BF8C0A1E-69EB-4104-BA1B-BB2F525FAB43}.Release|x86.Build.0 = Release|Win32
		{390EA1D6-E103-4F0A-9F12-CFB11EDEC4A1}.Debug|ARM.ActiveCfg = Debug|Win32
		{390EA1D6-E103-4F0A-9F12-CFB11EDEC4A1}.Debug|ARM64.ActiveCfg = Debug|Win32
		{390EA1D6-E103-4F0A-9F12-CFB11EDEC4A1}.Debug|x64.ActiveCfg = Debug|x64
		{390EA1D6-E103-4F0A-9F12-CFB11EDEC4A1}.Debug|x64.Build.0 = Debug|x64
		{390EA1D6-E103-4F0A-9F12-CFB11EDEC4A1}.Debug|x86.ActiveCfg = Debug|Win32
		{390EA1D6-E103-4F0A-9F12-CFB11EDEC4A1}.Debug|x86.Build.0 = Debug|Win32
		{390EA1D6-E103-4F0A-9F12-CFB11EDEC4A1}.Release|ARM.ActiveCfg = Release|Win32
		{390EA1D6-E103-4F0A-9F12-CFB11EDEC4A1}.Release|ARM64.ActiveCfg = Release|Win32
		{390EA1D6-E103-4F0A-9F12-CFB11EDEC4A1}.Release|x64.ActiveCfg = Release|x64
		{390EA1D6-E103-4F0A-9F12-CFB11EDEC4A1}.Release|x64.Build.0 = Release|x64
		{390EA1D6-E103-4F0A-9F12-CFB11EDEC4A1}.Release|x86.ActiveCfg = Release|Win32
		{390EA1D6-E103-4F0A-9F12-CFB11EDEC4A1}.Release|x86.Build.0 = Release|Win32
		{3EBF7249-EF24-4E36-8AB9-C68F5652DB14}.Debug|ARM.ActiveCfg = Debug|Win32
		{3EBF7249-EF24-4E36-8AB9-C68F5652DB14}.Debug|ARM64.ActiveCfg = Debug|Win32
		{3EBF7249-EF24-4E36-8AB9-C68F5652DB14}.Debug|x64.ActiveCfg = Debug|x64
		{3EBF7249-EF24-4E36-8AB9-C68F5652DB14}.Debug|x64.Build.0 = Debug|x64
		{3EBF7249-EF24-4E36-8AB9-C68F5652DB14}.Debug|x86.ActiveCfg = Debug|Win32
		{3EBF7249-EF24-4E36-8AB9-C68F5652DB14}.Debug|x86.Build.0 = Debug|Win32
		{3EBF7249-EF24-4E36-8AB9-C68F5652DB14}.Release|ARM.ActiveCfg = Release|Win32
		{3EBF7249-EF24-4E36-8AB9-C68F5652DB14}.Release|ARM64.ActiveCfg = Release|Win32
		{3EBF7249-EF24-4E36-8AB9-C68F5652DB14}.Release|x64.ActiveCfg = Release|x64
		{3EBF7249-EF24-4E36-8AB9-C68F5652DB14}.Release|x64.Build.0 = Release|x64
		{3EBF7249-EF24-4E36-8AB9-C68F5652DB14}.Release|x86.ActiveCfg = Release|Win32
		{3EBF7249-EF24-4E36-8AB9-C68F5652DB14}.Release|x86.Build.0 = Release|Win32
		{978594BC-AC28-46FD-82CF-998FDAE161D7}.Debug|ARM.ActiveCfg = Debug|Win32
		{978594BC-AC28-46FD-82CF-998FDAE161D7}.Debug|ARM64.ActiveCfg = Debug|Win32
		{978594BC-AC28-46FD-82CF-998FDAE161D7}.Debug|x64.ActiveCfg = Debug|x64
		{978594BC-AC28-46FD-82CF-998FDAE161D7}.Debug|x64.Build.0 = Debug|x64
		{978594BC-AC28-46FD-82CF-998FDAE161D7}.Debug|x86.ActiveCfg = Debug|Win32
		{978594BC-AC28-46FD-82CF-998FDAE161D7}.Debug|x86.Build.0 = Debug|Win32
		{978594BC-AC28-46FD-82CF-998FDAE161D7}.Release|ARM.ActiveCfg = Release|Win32
		{978594BC-AC28-46FD-82CF-998FDAE161D7}.Release|ARM64.ActiveCfg = Release|Win32
		{978594BC-AC28-46FD-82CF-998FDAE161D7}.Release|x64.ActiveCfg = Release|x64
		{978594BC-AC28-46FD-82CF-998FDAE161D7}.Release|x64.Build.0 = Release|x64
		{978594BC-AC28-46FD-82CF-998FDAE161D7}.Release|x86.ActiveCfg = Release|Win32
		{978594BC-AC28-46FD-82CF-998FDAE161D7}.Release|x86.Build.0 = Release|Win32
		{1628549C-C73A-4754-BA3E-BAC8E2EAA00C}.Debug|ARM.ActiveCfg = Debug|Win32
		{1628549C-C73A-4754-BA3E-BAC8E2EAA00C}.Debug|ARM64.ActiveCfg = Debug|Win32
		{1628549C-C73A-4754-BA3E-BAC8E2EAA00C}.Debug|x64.ActiveCfg = Debug|x64
		{1628549C-C73A-4754-BA3E-BAC8E2EAA00C}.Debug|x64.Build.0 = Debug|x64
		{1628549C-C73A-4754-BA3E-BAC8E2EAA00C}.Debug|x86.ActiveCfg = Debug|Win32
		{1628549C-C73A-4754-BA3E-BAC8E2EAA00C}.Debug|x86.Build.0 = Debug|Win32
		{1628549C-C73A-4754-BA3E-BAC8E2EAA00C}.Release|ARM.ActiveCfg = Release|Win32
		{1628549C-C73A-4754-BA3E-BAC8E2EAA00C}.Release|ARM64.ActiveCfg = Release|Win32
		{1628549C-C73A-4754-BA3E-BAC8E2EAA00C}.Release|x64.ActiveCfg = Release|x64
		{1628549C-C73A-4754-BA3E-BAC8E2EAA00C}.Release|x64.Build.0 = Release|x64
		{1628549C-C73A-4754-BA3E-BAC8E2EAA00C}.Release|x86.ActiveCfg = Release|Win32
		{1628549C-C73A-4754-BA3E-BAC8E2EAA00C}.Release|x86.Build.0 = Release|Win32
		{7410017A-8C1E-48F6-870B-BD55B78D31F8}.Debug|ARM.ActiveCfg = Debug|Win32
		{7410017A-8C1E-48F6-870B-BD55B78D31F8}.Debug|ARM64.ActiveCfg = Debug|Win32
		{7410017A-8C1E-48F6-870B-BD55B78D31F8}.Debug|x64.ActiveCfg = Debug|x64
		{7410017A-8C1E-48F6-870B-BD55B78D31F8}.Debug|x64.Build.0 = Debug|x64
		{7410017A-8C1E-48F6-870B-BD55B78D31F8}.Debug|x86.ActiveCfg = Debug|Win32
		{7410017A-8C1E-48F6-870B-BD55B78D31F8}.Debug|x86.Build.0 = Debug|Win32
		{7410017A-8C1E-48F6-870B-BD55B78D31F8}.Release|ARM.ActiveCfg = Release|Win32
		{7410017A-8C1E-48F6-870B-BD55B78D31F8}.Release|ARM64.ActiveCfg = Release|Win32
		{7410017A-8C1E-48F6-870B-BD55B78D31F8}.Release|x64.ActiveCfg = Release|x64
		{7410017A-8C1E-48F6-870B-BD55B78D31F8}.Release|x64.Build.0 = Release|x64
		{7410017A-8C1E-48F6-870B-BD55B78D31F8}.Release|x86.ActiveCfg = Release|Win32
		{7410017A-8C1E-48F6-870B-BD55B78D31F8}.Release|x86.Build.0 = Release|Win32
		{42066AD0-147B-4F14-A68F-CEC7CF7F1B0B}.Debug|ARM.ActiveCfg = Debug|Win32
		{42066AD0-147B-4F14-A68F-CEC7CF7F1B0B}.Debug|ARM64.ActiveCfg = Debug|Win32
		{42066AD0-147B-4F14-A68F-CEC7CF7F1B0B}.Debug|x64.ActiveCfg = Debug|x64
		{42066AD0-147B-4F14-A68F-CEC7CF7F1B0B}.Debug|x64.Build.0 = Debug|x64
		{42066AD0-147B-4F14-A68F-CEC7CF7F1B0B}.Debug|x86.ActiveCfg = Debug|Win32
		{42066AD0-147B-4F14-A68F-CEC7CF7F1B0B}.Debug|x86.Build.0 = Debug|Win32
		{42066AD0-147B-4F14-A68F-CEC7CF7F1B0B}.Release|ARM.ActiveCfg = Release|Win32
		{42066AD0-147B-4F14-A68F-CEC7CF7F1B0B}.Release|ARM64.ActiveCfg = Release|Win32
		{42066AD0-147B-4F14-A68F-CEC7CF7F1B0B}.Release|x64.ActiveCfg = Release|x64
		{42066AD0-147B-4F14-A68F-CEC7CF7F1B0B}.Release|x64.Build.0 = Release|x64
		{42066AD0-147B-4F14-A68F-CEC7CF7F1B0B}.Release|x86.ActiveCfg = Release|Win32
		{42066AD0-147B-4F14-A68F-CEC7CF7F1B0B}.Release|x86.Build.0 = Release|Win32
		{F85F3BAA-39DA-45B0-9AFC-C3D7D3555B6F}.Debug|ARM.ActiveCfg = Debug|Win32
		{F85F3BAA-39DA-45B0-9AFC-C3D7D3555B6F}.Debug|ARM64.ActiveCfg = Debug|Win32
		{F85F3BAA-39DA-45B0-9AFC-C3D7D3555B6F}.Debug|x64.ActiveCfg = Debug|x64
		{F85F3BAA-39DA-45B0-9AFC-C3D7D3555B6F}.Debug|x64.Build.0 = Debug|x64
		{F85F3BAA-39DA-45B0-9AFC-C3D7D3555B6F}.Debug|x86.ActiveCfg = Debug|Win32
		{F85F3BAA-39DA-45B0-9AFC-C3D7D3555B6F}.Debug|x86.Build.0 = Debug|Win32
		{F85F3BAA-39DA-45B0-9AFC-C3D7D3555B6F}.Release|ARM.ActiveCfg = Release|Win32
		{F85F3BAA-39DA-45B0-9AFC-C3D7D3555B6F}.Release|ARM64.ActiveCfg = Release|Win32
		{F85F3BAA-39DA-45B0-9AFC-C3D7D3555B6F}.Release|x64.ActiveCfg = Release|x64
		{F85F3BAA-39DA-45B0-9AFC-C3D7D3555B6F}.Release|x64.Build.0 = Release|x64
		{F85F3BAA-39DA-45B0-9AFC-C3D7D3555B6F}.Release|x86.ActiveCfg = Release|Win32
		{F85F3BAA-39DA-45B0-9AFC-C3D7D3555B6F}.Release|x86.Build.0 = Release|Win32
	EndGlobalSection
	GlobalSection(SolutionProperties) = preSolution
		HideSolutionNode = FALSE
	EndGlobalSection
	GlobalSection(ExtensibilityGlobals) = postSolution
		SolutionGuid = {CC14B6AC-11F6-43E1-A61B-7F5DFFFC77AB}
	EndGlobalSection
EndGlobal
